<?xml version="1.0" encoding="utf-8"?>
<Project ToolsVersion="4.0" xmlns="http://schemas.microsoft.com/developer/msbuild/2003">
  <ItemGroup>
    <Filter Include="TrainingFramework\src">
      <UniqueIdentifier>{8a7743df-99d6-42d7-8300-83c77d25c345}</UniqueIdentifier>
    </Filter>
    <Filter Include="TrainingFramework">
      <UniqueIdentifier>{b7c91549-da04-4eee-96da-520fa8f75a57}</UniqueIdentifier>
    </Filter>
    <Filter Include="TrainingFramework\src\GameObject">
      <UniqueIdentifier>{486a991c-381d-4836-b7f7-6a9b4c66f5d8}</UniqueIdentifier>
    </Filter>
    <Filter Include="TrainingFramework\src\GameManager">
      <UniqueIdentifier>{7027cc7e-3941-43d3-9fd3-7009a76c222b}</UniqueIdentifier>
    </Filter>
    <Filter Include="TrainingFramework\src\GameStates">
      <UniqueIdentifier>{2a875364-1a2b-4ea6-a6fe-716988208916}</UniqueIdentifier>
    </Filter>
    <Filter Include="TrainingFramework\src\SoLoud">
      <UniqueIdentifier>{28d504cd-7289-4878-9837-0bc93a995db5}</UniqueIdentifier>
    </Filter>
  </ItemGroup>
  <ItemGroup>
    <ClCompile Include="src\Application.cpp">
      <Filter>TrainingFramework\src</Filter>
    </ClCompile>
    <ClCompile Include="src\TrainingFramework.cpp">
      <Filter>TrainingFramework\src</Filter>
    </ClCompile>
    <ClCompile Include="src\GameObject\Sprite2D.cpp">
      <Filter>TrainingFramework\src\GameObject</Filter>
    </ClCompile>
    <ClCompile Include="src\GameObject\Camera.cpp">
      <Filter>TrainingFramework\src\GameObject</Filter>
    </ClCompile>
    <ClCompile Include="src\GameObject\Sprite3D.cpp">
      <Filter>TrainingFramework\src\GameObject</Filter>
    </ClCompile>
    <ClCompile Include="src\GameObject\Model.cpp">
      <Filter>TrainingFramework\src\GameObject</Filter>
    </ClCompile>
    <ClCompile Include="src\GameObject\Shader.cpp">
      <Filter>TrainingFramework\src\GameObject</Filter>
    </ClCompile>
    <ClCompile Include="src\GameObject\Texture.cpp">
      <Filter>TrainingFramework\src\GameObject</Filter>
    </ClCompile>
    <ClCompile Include="src\GameObject\Text.cpp">
      <Filter>TrainingFramework\src\GameObject</Filter>
    </ClCompile>
    <ClCompile Include="src\GameObject\Font.cpp">
      <Filter>TrainingFramework\src\GameObject</Filter>
    </ClCompile>
    <ClCompile Include="src\GameStates\GameStateBase.cpp">
      <Filter>TrainingFramework\src\GameStates</Filter>
    </ClCompile>
    <ClCompile Include="src\GameStates\GameStateMachine.cpp">
      <Filter>TrainingFramework\src\GameStates</Filter>
    </ClCompile>
    <ClCompile Include="src\GameStates\GSIntro.cpp">
      <Filter>TrainingFramework\src\GameStates</Filter>
    </ClCompile>
    <ClCompile Include="src\GameStates\GSMenu.cpp">
      <Filter>TrainingFramework\src\GameStates</Filter>
    </ClCompile>
    <ClCompile Include="src\GameStates\GSPlay.cpp">
      <Filter>TrainingFramework\src\GameStates</Filter>
    </ClCompile>
    <ClCompile Include="src\GameManager\ResourceManagers.cpp">
      <Filter>TrainingFramework\src\GameManager</Filter>
    </ClCompile>
    <ClCompile Include="src\GameObject\GameButton.cpp">
      <Filter>TrainingFramework\src\GameObject</Filter>
    </ClCompile>
    <ClCompile Include="src\GameStates\GSCredit.cpp">
      <Filter>TrainingFramework\src\GameStates</Filter>
    </ClCompile>
    <ClCompile Include="src\GameObject\Enemy.cpp">
      <Filter>TrainingFramework\src\GameObject</Filter>
    </ClCompile>
    <ClCompile Include="src\GameObject\AnimationSprite.cpp">
      <Filter>TrainingFramework\src\GameObject</Filter>
    </ClCompile>
    <ClCompile Include="src\GameObject\Shop.cpp">
      <Filter>TrainingFramework\src\GameObject</Filter>
    </ClCompile>
    <ClCompile Include="src\GameObject\LightTower.cpp">
      <Filter>TrainingFramework\src\GameObject</Filter>
    </ClCompile>
    <ClCompile Include="src\GameObject\SkeletonEnemy.cpp">
      <Filter>TrainingFramework\src\GameObject</Filter>
    </ClCompile>
    <ClCompile Include="src\GameObject\SlingerEnemy.cpp">
      <Filter>TrainingFramework\src\GameObject</Filter>
    </ClCompile>
    <ClCompile Include="src\GameObject\WarriorEnemy.cpp">
      <Filter>TrainingFramework\src\GameObject</Filter>
    </ClCompile>
    <ClCompile Include="src\GameObject\PossessedEnemy.cpp">
      <Filter>TrainingFramework\src\GameObject</Filter>
    </ClCompile>
    <ClCompile Include="src\GameObject\ShadowEnemy.cpp">
      <Filter>TrainingFramework\src\GameObject</Filter>
    </ClCompile>
    <ClCompile Include="src\GameObject\ObjectPool.cpp">
      <Filter>TrainingFramework\src\GameObject</Filter>
    </ClCompile>
    <ClCompile Include="src\GameObject\LightBullet.cpp">
      <Filter>TrainingFramework\src\GameObject</Filter>
    </ClCompile>
    <ClCompile Include="src\GameObject\MagicTower.cpp">
      <Filter>TrainingFramework\src\GameObject</Filter>
    </ClCompile>
    <ClCompile Include="src\GameObject\MoonTower.cpp">
      <Filter>TrainingFramework\src\GameObject</Filter>
    </ClCompile>
    <ClCompile Include="src\GameObject\MagicBullet.cpp">
      <Filter>TrainingFramework\src\GameObject</Filter>
    </ClCompile>
    <ClCompile Include="src\GameObject\MoonBullet.cpp">
      <Filter>TrainingFramework\src\GameObject</Filter>
    </ClCompile>
    <ClCompile Include="src\GameObject\Tower.cpp">
      <Filter>TrainingFramework\src\GameObject</Filter>
    </ClCompile>
    <ClCompile Include="src\GameObject\TowerInfo.cpp">
      <Filter>TrainingFramework\src\GameObject</Filter>
    </ClCompile>
    <ClCompile Include="src\GameStates\GSEnd.cpp">
      <Filter>TrainingFramework\src\GameStates</Filter>
    </ClCompile>
    <ClCompile Include="src\SoLoud\dr_impl.cpp">
      <Filter>TrainingFramework\src\SoLoud</Filter>
    </ClCompile>
    <ClCompile Include="src\SoLoud\soloud_wav.cpp">
      <Filter>TrainingFramework\src\SoLoud</Filter>
    </ClCompile>
    <ClCompile Include="src\SoLoud\soloud_wavstream.cpp">
      <Filter>TrainingFramework\src\SoLoud</Filter>
    </ClCompile>
    <ClCompile Include="src\SoLoud\soloud.cpp">
      <Filter>TrainingFramework\src\SoLoud</Filter>
    </ClCompile>
    <ClCompile Include="src\SoLoud\soloud_audiosource.cpp">
      <Filter>TrainingFramework\src\SoLoud</Filter>
    </ClCompile>
    <ClCompile Include="src\SoLoud\soloud_bus.cpp">
      <Filter>TrainingFramework\src\SoLoud</Filter>
    </ClCompile>
    <ClCompile Include="src\SoLoud\soloud_core_3d.cpp">
      <Filter>TrainingFramework\src\SoLoud</Filter>
    </ClCompile>
    <ClCompile Include="src\SoLoud\soloud_core_basicops.cpp">
      <Filter>TrainingFramework\src\SoLoud</Filter>
    </ClCompile>
    <ClCompile Include="src\SoLoud\soloud_core_faderops.cpp">
      <Filter>TrainingFramework\src\SoLoud</Filter>
    </ClCompile>
    <ClCompile Include="src\SoLoud\soloud_core_filterops.cpp">
      <Filter>TrainingFramework\src\SoLoud</Filter>
    </ClCompile>
    <ClCompile Include="src\SoLoud\soloud_core_getters.cpp">
      <Filter>TrainingFramework\src\SoLoud</Filter>
    </ClCompile>
    <ClCompile Include="src\SoLoud\soloud_core_setters.cpp">
      <Filter>TrainingFramework\src\SoLoud</Filter>
    </ClCompile>
    <ClCompile Include="src\SoLoud\soloud_core_voicegroup.cpp">
      <Filter>TrainingFramework\src\SoLoud</Filter>
    </ClCompile>
    <ClCompile Include="src\SoLoud\soloud_core_voiceops.cpp">
      <Filter>TrainingFramework\src\SoLoud</Filter>
    </ClCompile>
    <ClCompile Include="src\SoLoud\soloud_fader.cpp">
      <Filter>TrainingFramework\src\SoLoud</Filter>
    </ClCompile>
    <ClCompile Include="src\SoLoud\soloud_fft.cpp">
      <Filter>TrainingFramework\src\SoLoud</Filter>
    </ClCompile>
    <ClCompile Include="src\SoLoud\soloud_fft_lut.cpp">
      <Filter>TrainingFramework\src\SoLoud</Filter>
    </ClCompile>
    <ClCompile Include="src\SoLoud\soloud_file.cpp">
      <Filter>TrainingFramework\src\SoLoud</Filter>
    </ClCompile>
    <ClCompile Include="src\SoLoud\soloud_filter.cpp">
      <Filter>TrainingFramework\src\SoLoud</Filter>
    </ClCompile>
    <ClCompile Include="src\SoLoud\soloud_misc.cpp">
      <Filter>TrainingFramework\src\SoLoud</Filter>
    </ClCompile>
    <ClCompile Include="src\SoLoud\soloud_queue.cpp">
      <Filter>TrainingFramework\src\SoLoud</Filter>
    </ClCompile>
    <ClCompile Include="src\SoLoud\soloud_thread.cpp">
      <Filter>TrainingFramework\src\SoLoud</Filter>
    </ClCompile>
    <ClCompile Include="src\SoLoud\stb_vorbis.c">
      <Filter>TrainingFramework\src\SoLoud</Filter>
    </ClCompile>
    <ClCompile Include="src\SoLoud\soloud_miniaudio.cpp">
      <Filter>TrainingFramework\src\SoLoud</Filter>
    </ClCompile>
  </ItemGroup>
  <ItemGroup>
    <ClInclude Include="src\Application.h">
      <Filter>TrainingFramework\src</Filter>
    </ClInclude>
    <ClInclude Include="src\GameConfig.h">
      <Filter>TrainingFramework\src</Filter>
    </ClInclude>
    <ClInclude Include="src\GameManager\Singleton.h">
      <Filter>TrainingFramework\src\GameManager</Filter>
    </ClInclude>
    <ClInclude Include="src\GameObject\BaseObject.h">
      <Filter>TrainingFramework\src\GameObject</Filter>
    </ClInclude>
    <ClInclude Include="src\GameObject\Sprite2D.h">
      <Filter>TrainingFramework\src\GameObject</Filter>
    </ClInclude>
    <ClInclude Include="src\GameObject\Camera.h">
      <Filter>TrainingFramework\src\GameObject</Filter>
    </ClInclude>
    <ClInclude Include="src\GameObject\Sprite3D.h">
      <Filter>TrainingFramework\src\GameObject</Filter>
    </ClInclude>
    <ClInclude Include="src\GameObject\Model.h">
      <Filter>TrainingFramework\src\GameObject</Filter>
    </ClInclude>
    <ClInclude Include="src\GameObject\Shader.h">
      <Filter>TrainingFramework\src\GameObject</Filter>
    </ClInclude>
    <ClInclude Include="src\GameObject\Texture.h">
      <Filter>TrainingFramework\src\GameObject</Filter>
    </ClInclude>
    <ClInclude Include="src\GameObject\Text.h">
      <Filter>TrainingFramework\src\GameObject</Filter>
    </ClInclude>
    <ClInclude Include="src\GameObject\Font.h">
      <Filter>TrainingFramework\src\GameObject</Filter>
    </ClInclude>
    <ClInclude Include="src\GameStates\GameStateBase.h">
      <Filter>TrainingFramework\src\GameStates</Filter>
    </ClInclude>
    <ClInclude Include="src\GameStates\GameStateMachine.h">
      <Filter>TrainingFramework\src\GameStates</Filter>
    </ClInclude>
    <ClInclude Include="src\GameStates\GSIntro.h">
      <Filter>TrainingFramework\src\GameStates</Filter>
    </ClInclude>
    <ClInclude Include="src\GameStates\GSMenu.h">
      <Filter>TrainingFramework\src\GameStates</Filter>
    </ClInclude>
    <ClInclude Include="src\GameStates\GSPlay.h">
      <Filter>TrainingFramework\src\GameStates</Filter>
    </ClInclude>
    <ClInclude Include="src\GameManager\ResourceManagers.h">
      <Filter>TrainingFramework\src\GameManager</Filter>
    </ClInclude>
    <ClInclude Include="src\GameObject\GameButton.h">
      <Filter>TrainingFramework\src\GameObject</Filter>
    </ClInclude>
    <ClInclude Include="src\GameStates\GSCredit.h">
      <Filter>TrainingFramework\src\GameStates</Filter>
    </ClInclude>
    <ClInclude Include="src\GameObject\Enemy.h">
      <Filter>TrainingFramework\src\GameObject</Filter>
    </ClInclude>
    <ClInclude Include="src\GameObject\AnimationSprite.h">
      <Filter>TrainingFramework\src\GameObject</Filter>
    </ClInclude>
    <ClInclude Include="src\GameObject\Shop.h">
      <Filter>TrainingFramework\src\GameObject</Filter>
    </ClInclude>
    <ClInclude Include="src\GameObject\LightTower.h">
      <Filter>TrainingFramework\src\GameObject</Filter>
    </ClInclude>
    <ClInclude Include="src\GameObject\SkeletonEnemy.h">
      <Filter>TrainingFramework\src\GameObject</Filter>
    </ClInclude>
    <ClInclude Include="src\GameObject\SlingerEnemy.h">
      <Filter>TrainingFramework\src\GameObject</Filter>
    </ClInclude>
    <ClInclude Include="src\GameObject\WarriorEnemy.h">
      <Filter>TrainingFramework\src\GameObject</Filter>
    </ClInclude>
    <ClInclude Include="src\GameObject\PossessedEnemy.h">
      <Filter>TrainingFramework\src\GameObject</Filter>
    </ClInclude>
    <ClInclude Include="src\GameObject\ShadowEnemy.h">
      <Filter>TrainingFramework\src\GameObject</Filter>
    </ClInclude>
    <ClInclude Include="src\GameObject\ObjectPool.h">
      <Filter>TrainingFramework\src\GameObject</Filter>
    </ClInclude>
    <ClInclude Include="src\GameObject\LightBullet.h">
      <Filter>TrainingFramework\src\GameObject</Filter>
    </ClInclude>
    <ClInclude Include="src\GameObject\MagicBullet.h">
      <Filter>TrainingFramework\src\GameObject</Filter>
    </ClInclude>
    <ClInclude Include="src\GameObject\MoonBullet.h">
      <Filter>TrainingFramework\src\GameObject</Filter>
    </ClInclude>
    <ClInclude Include="src\GameObject\MagicTower.h">
      <Filter>TrainingFramework\src\GameObject</Filter>
    </ClInclude>
    <ClInclude Include="src\GameObject\MoonTower.h">
      <Filter>TrainingFramework\src\GameObject</Filter>
    </ClInclude>
    <ClInclude Include="src\GameObject\Tower.h">
      <Filter>TrainingFramework\src\GameObject</Filter>
    </ClInclude>
    <ClInclude Include="src\GameObject\TowerInfo.h">
      <Filter>TrainingFramework\src\GameObject</Filter>
    </ClInclude>
    <ClInclude Include="src\GameStates\GSEnd.h">
      <Filter>TrainingFramework\src\GameStates</Filter>
    </ClInclude>
    <ClInclude Include="src\SoLoud\dr_flac.h">
      <Filter>TrainingFramework\src\SoLoud</Filter>
    </ClInclude>
    <ClInclude Include="src\SoLoud\dr_mp3.h">
      <Filter>TrainingFramework\src\SoLoud</Filter>
    </ClInclude>
    <ClInclude Include="src\SoLoud\dr_wav.h">
      <Filter>TrainingFramework\src\SoLoud</Filter>
    </ClInclude>
    <ClInclude Include="src\SoLoud\soloud.h">
      <Filter>TrainingFramework\src\SoLoud</Filter>
    </ClInclude>
    <ClInclude Include="src\SoLoud\soloud_audiosource.h">
      <Filter>TrainingFramework\src\SoLoud</Filter>
    </ClInclude>
    <ClInclude Include="src\SoLoud\soloud_bassboostfilter.h">
      <Filter>TrainingFramework\src\SoLoud</Filter>
    </ClInclude>
    <ClInclude Include="src\SoLoud\soloud_biquadresonantfilter.h">
      <Filter>TrainingFramework\src\SoLoud</Filter>
    </ClInclude>
    <ClInclude Include="src\SoLoud\soloud_bus.h">
      <Filter>TrainingFramework\src\SoLoud</Filter>
    </ClInclude>
    <ClInclude Include="src\SoLoud\soloud_c.h">
      <Filter>TrainingFramework\src\SoLoud</Filter>
    </ClInclude>
    <ClInclude Include="src\SoLoud\soloud_dcremovalfilter.h">
      <Filter>TrainingFramework\src\SoLoud</Filter>
    </ClInclude>
    <ClInclude Include="src\SoLoud\soloud_echofilter.h">
      <Filter>TrainingFramework\src\SoLoud</Filter>
    </ClInclude>
    <ClInclude Include="src\SoLoud\soloud_error.h">
      <Filter>TrainingFramework\src\SoLoud</Filter>
    </ClInclude>
    <ClInclude Include="src\SoLoud\soloud_fader.h">
      <Filter>TrainingFramework\src\SoLoud</Filter>
    </ClInclude>
    <ClInclude Include="src\SoLoud\soloud_fft.h">
      <Filter>TrainingFramework\src\SoLoud</Filter>
    </ClInclude>
    <ClInclude Include="src\SoLoud\soloud_fftfilter.h">
      <Filter>TrainingFramework\src\SoLoud</Filter>
    </ClInclude>
    <ClInclude Include="src\SoLoud\soloud_file.h">
      <Filter>TrainingFramework\src\SoLoud</Filter>
    </ClInclude>
    <ClInclude Include="src\SoLoud\soloud_file_hack_off.h">
      <Filter>TrainingFramework\src\SoLoud</Filter>
    </ClInclude>
    <ClInclude Include="src\SoLoud\soloud_file_hack_on.h">
      <Filter>TrainingFramework\src\SoLoud</Filter>
    </ClInclude>
    <ClInclude Include="src\SoLoud\soloud_filter.h">
      <Filter>TrainingFramework\src\SoLoud</Filter>
    </ClInclude>
    <ClInclude Include="src\SoLoud\soloud_flangerfilter.h">
      <Filter>TrainingFramework\src\SoLoud</Filter>
    </ClInclude>
    <ClInclude Include="src\SoLoud\soloud_freeverbfilter.h">
      <Filter>TrainingFramework\src\SoLoud</Filter>
    </ClInclude>
    <ClInclude Include="src\SoLoud\soloud_internal.h">
      <Filter>TrainingFramework\src\SoLoud</Filter>
    </ClInclude>
    <ClInclude Include="src\SoLoud\soloud_lofifilter.h">
      <Filter>TrainingFramework\src\SoLoud</Filter>
    </ClInclude>
    <ClInclude Include="src\SoLoud\soloud_misc.h">
      <Filter>TrainingFramework\src\SoLoud</Filter>
    </ClInclude>
    <ClInclude Include="src\SoLoud\soloud_monotone.h">
      <Filter>TrainingFramework\src\SoLoud</Filter>
    </ClInclude>
    <ClInclude Include="src\SoLoud\soloud_noise.h">
      <Filter>TrainingFramework\src\SoLoud</Filter>
    </ClInclude>
    <ClInclude Include="src\SoLoud\soloud_openmpt.h">
      <Filter>TrainingFramework\src\SoLoud</Filter>
    </ClInclude>
    <ClInclude Include="src\SoLoud\soloud_queue.h">
      <Filter>TrainingFramework\src\SoLoud</Filter>
    </ClInclude>
    <ClInclude Include="src\SoLoud\soloud_robotizefilter.h">
      <Filter>TrainingFramework\src\SoLoud</Filter>
    </ClInclude>
    <ClInclude Include="src\SoLoud\soloud_sfxr.h">
      <Filter>TrainingFramework\src\SoLoud</Filter>
    </ClInclude>
    <ClInclude Include="src\SoLoud\soloud_speech.h">
      <Filter>TrainingFramework\src\SoLoud</Filter>
    </ClInclude>
    <ClInclude Include="src\SoLoud\soloud_tedsid.h">
      <Filter>TrainingFramework\src\SoLoud</Filter>
    </ClInclude>
    <ClInclude Include="src\SoLoud\soloud_thread.h">
      <Filter>TrainingFramework\src\SoLoud</Filter>
    </ClInclude>
    <ClInclude Include="src\SoLoud\soloud_vic.h">
      <Filter>TrainingFramework\src\SoLoud</Filter>
    </ClInclude>
    <ClInclude Include="src\SoLoud\soloud_vizsn.h">
      <Filter>TrainingFramework\src\SoLoud</Filter>
    </ClInclude>
    <ClInclude Include="src\SoLoud\soloud_wav.h">
      <Filter>TrainingFramework\src\SoLoud</Filter>
    </ClInclude>
    <ClInclude Include="src\SoLoud\soloud_waveshaperfilter.h">
      <Filter>TrainingFramework\src\SoLoud</Filter>
    </ClInclude>
    <ClInclude Include="src\SoLoud\soloud_wavstream.h">
      <Filter>TrainingFramework\src\SoLoud</Filter>
    </ClInclude>
    <ClInclude Include="src\SoLoud\stb_vorbis.h">
      <Filter>TrainingFramework\src\SoLoud</Filter>
    </ClInclude>
    <ClInclude Include="src\SoLoud\miniaudio.h">
      <Filter>TrainingFramework\src\SoLoud</Filter>
    </ClInclude>
  </ItemGroup>
  <ItemGroup>
    <None Include="ClassDiagram.cd" />
  </ItemGroup>
</Project>